
Microsoft Visual Studio Solution File, Format Version 12.00
# Visual Studio Version 17
VisualStudioVersion = 17.5.33424.131
MinimumVisualStudioVersion = 10.0.40219.1
Project("{9A19103F-16F7-4668-BE54-9A1E7A4F7556}") = "InspectorOnlyAnalyzer", "InspectorOnlyAnalyzer\InspectorOnlyAnalyzer\InspectorOnlyAnalyzer.csproj", "{1131E0D5-4070-4204-B058-74030973B197}"
EndProject
Project("{9A19103F-16F7-4668-BE54-9A1E7A4F7556}") = "InspectorOnlyAnalyzer.Test", "InspectorOnlyAnalyzer\InspectorOnlyAnalyzer.Test\InspectorOnlyAnalyzer.Test.csproj", "{90AA680A-ED59-4101-9E76-AA14E060A5E9}"
EndProject
Project("{9A19103F-16F7-4668-BE54-9A1E7A4F7556}") = "ConsoleApp", "ConsoleApp\ConsoleApp.csproj", "{C7DB4DC2-C699-4B36-B522-CE6F312F4E9A}"
EndProject
Project("{9A19103F-16F7-4668-BE54-9A1E7A4F7556}") = "LibraryInUnity", "LibraryInUnity\LibraryInUnity.csproj", "{B4E98930-B448-4B23-BEC3-767E6D758F33}"
EndProject
Project("{2150E333-8FDC-42A3-9474-1A3956D46DE8}") = "Solution Items", "Solution Items", "{149B6075-32E2-4243-8907-FF530444CED4}"
	ProjectSection(SolutionItems) = preProject
		.editorconfig = .editorconfig
	EndProjectSection
EndProject
Global
	GlobalSection(SolutionConfigurationPlatforms) = preSolution
		Debug|Any CPU = Debug|Any CPU
		Release|Any CPU = Release|Any CPU
	EndGlobalSection
	GlobalSection(ProjectConfigurationPlatforms) = postSolution
		{1131E0D5-4070-4204-B058-74030973B197}.Debug|Any CPU.ActiveCfg = Debug|Any CPU
		{1131E0D5-4070-4204-B058-74030973B197}.Debug|Any CPU.Build.0 = Debug|Any CPU
		{1131E0D5-4070-4204-B058-74030973B197}.Release|Any CPU.ActiveCfg = Release|Any CPU
		{1131E0D5-4070-4204-B058-74030973B197}.Release|Any CPU.Build.0 = Release|Any CPU
		{90AA680A-ED59-4101-9E76-AA14E060A5E9}.Debug|Any CPU.ActiveCfg = Debug|Any CPU
		{90AA680A-ED59-4101-9E76-AA14E060A5E9}.Debug|Any CPU.Build.0 = Debug|Any CPU
		{90AA680A-ED59-4101-9E76-AA14E060A5E9}.Release|Any CPU.ActiveCfg = Release|Any CPU
		{90AA680A-ED59-4101-9E76-AA14E060A5E9}.Release|Any CPU.Build.0 = Release|Any CPU
		{C7DB4DC2-C699-4B36-B522-CE6F312F4E9A}.Debug|Any CPU.ActiveCfg = Debug|Any CPU
		{C7DB4DC2-C699-4B36-B522-CE6F312F4E9A}.Debug|Any CPU.Build.0 = Debug|Any CPU
		{C7DB4DC2-C699-4B36-B522-CE6F312F4E9A}.Release|Any CPU.ActiveCfg = Release|Any CPU
		{C7DB4DC2-C699-4B36-B522-CE6F312F4E9A}.Release|Any CPU.Build.0 = Release|Any CPU
		{B4E98930-B448-4B23-BEC3-767E6D758F33}.Debug|Any CPU.ActiveCfg = Debug|Any CPU
		{B4E98930-B448-4B23-BEC3-767E6D758F33}.Debug|Any CPU.Build.0 = Debug|Any CPU
		{B4E98930-B448-4B23-BEC3-767E6D758F33}.Release|Any CPU.ActiveCfg = Release|Any CPU
		{B4E98930-B448-4B23-BEC3-767E6D758F33}.Release|Any CPU.Build.0 = Release|Any CPU
	EndGlobalSection
	GlobalSection(SolutionProperties) = preSolution
		HideSolutionNode = FALSE
	EndGlobalSection
	GlobalSection(ExtensibilityGlobals) = postSolution
		SolutionGuid = {83AC3DA1-6A6D-43B0-A08C-713D6D935030}
	EndGlobalSection
EndGlobal
